
Microsoft Visual Studio Solution File, Format Version 12.00
# Visual Studio Version 17
VisualStudioVersion = 17.4.33205.214
MinimumVisualStudioVersion = 10.0.40219.1
Project("{FAE04EC0-301F-11D3-BF4B-00C04F79EFBC}") = "Praktiline töö Uss", "Praktiline töö Uss\Praktiline töö Uss.csproj", "{87AD318F-1EE8-4148-886D-BB97DD6EEBF3}"
EndProject
Global
	GlobalSection(SolutionConfigurationPlatforms) = preSolution
		Debug|Any CPU = Debug|Any CPU
		Release|Any CPU = Release|Any CPU
	EndGlobalSection
	GlobalSection(ProjectConfigurationPlatforms) = postSolution
		{87AD318F-1EE8-4148-886D-BB97DD6EEBF3}.Debug|Any CPU.ActiveCfg = Debug|Any CPU
		{87AD318F-1EE8-4148-886D-BB97DD6EEBF3}.Debug|Any CPU.Build.0 = Debug|Any CPU
		{87AD318F-1EE8-4148-886D-BB97DD6EEBF3}.Release|Any CPU.ActiveCfg = Release|Any CPU
		{87AD318F-1EE8-4148-886D-BB97DD6EEBF3}.Release|Any CPU.Build.0 = Release|Any CPU
	EndGlobalSection
	GlobalSection(SolutionProperties) = preSolution
		HideSolutionNode = FALSE
	EndGlobalSection
	GlobalSection(ExtensibilityGlobals) = postSolution
		SolutionGuid = {EE2C2988-5E0F-44AE-8BD8-9B880B4D092F}
	EndGlobalSection
EndGlobal
